{
  "name": "meeting-picker",
  "version": "1.0.0",
  "lockfileVersion": 1,
  "requires": true,
  "dependencies": {
    "compute-stdev": {
      "version": "1.0.0",
      "resolved": "https://registry.npmjs.org/compute-stdev/-/compute-stdev-1.0.0.tgz",
      "integrity": "sha1-1INhCDdSsiVKXvZBZ3yrtGOh0lM="
    }
  }
}
